
Microsoft Visual Studio Solution File, Format Version 12.00
# Visual Studio Version 16
VisualStudioVersion = 16.0.28922.388
MinimumVisualStudioVersion = 10.0.40219.1
Project("{FAE04EC0-301F-11D3-BF4B-00C04F79EFBC}") = "ModernHistoryMuseum", "ModernHistoryMuseum\ModernHistoryMuseum.csproj", "{539D3A15-3501-4565-872F-9B38A4C82B76}"
EndProject
Global
	GlobalSection(SolutionConfigurationPlatforms) = preSolution
		Debug|Any CPU = Debug|Any CPU
		Release|Any CPU = Release|Any CPU
	EndGlobalSection
	GlobalSection(ProjectConfigurationPlatforms) = postSolution
		{539D3A15-3501-4565-872F-9B38A4C82B76}.Debug|Any CPU.ActiveCfg = Debug|Any CPU
		{539D3A15-3501-4565-872F-9B38A4C82B76}.Debug|Any CPU.Build.0 = Debug|Any CPU
		{539D3A15-3501-4565-872F-9B38A4C82B76}.Release|Any CPU.ActiveCfg = Release|Any CPU
		{539D3A15-3501-4565-872F-9B38A4C82B76}.Release|Any CPU.Build.0 = Release|Any CPU
	EndGlobalSection
	GlobalSection(SolutionProperties) = preSolution
		HideSolutionNode = FALSE
	EndGlobalSection
	GlobalSection(ExtensibilityGlobals) = postSolution
		SolutionGuid = {B85E457F-39E7-4C52-BCE1-3EC7FF60958D}
	EndGlobalSection
EndGlobal
